
Microsoft Visual Studio Solution File, Format Version 12.00
# Visual Studio Version 16
VisualStudioVersion = 16.0.30711.63
MinimumVisualStudioVersion = 10.0.40219.1
Project("{FAE04EC0-301F-11D3-BF4B-00C04F79EFBC}") = "Web.DemoAPI", "Web.DemoAPI\Web.DemoAPI.csproj", "{B1921C66-A8D5-4A73-A09B-FD7743C8D109}"
EndProject
Global
	GlobalSection(SolutionConfigurationPlatforms) = preSolution
		Debug|Any CPU = Debug|Any CPU
		Release|Any CPU = Release|Any CPU
	EndGlobalSection
	GlobalSection(ProjectConfigurationPlatforms) = postSolution
		{B1921C66-A8D5-4A73-A09B-FD7743C8D109}.Debug|Any CPU.ActiveCfg = Debug|Any CPU
		{B1921C66-A8D5-4A73-A09B-FD7743C8D109}.Debug|Any CPU.Build.0 = Debug|Any CPU
		{B1921C66-A8D5-4A73-A09B-FD7743C8D109}.Release|Any CPU.ActiveCfg = Release|Any CPU
		{B1921C66-A8D5-4A73-A09B-FD7743C8D109}.Release|Any CPU.Build.0 = Release|Any CPU
	EndGlobalSection
	GlobalSection(SolutionProperties) = preSolution
		HideSolutionNode = FALSE
	EndGlobalSection
	GlobalSection(ExtensibilityGlobals) = postSolution
		SolutionGuid = {247ACD64-5098-433A-A70B-7C4C64C18B26}
	EndGlobalSection
EndGlobal
